
Microsoft Visual Studio Solution File, Format Version 12.00
# Visual Studio Version 17
VisualStudioVersion = 17.11.35222.181
MinimumVisualStudioVersion = 10.0.40219.1
Project("{FAE04EC0-301F-11D3-BF4B-00C04F79EFBC}") = "Okul", "Okul\Okul.csproj", "{FEC188FD-3BAF-4C74-B67E-E094662614A2}"
EndProject
Global
	GlobalSection(SolutionConfigurationPlatforms) = preSolution
		Debug|Any CPU = Debug|Any CPU
		Release|Any CPU = Release|Any CPU
	EndGlobalSection
	GlobalSection(ProjectConfigurationPlatforms) = postSolution
		{FEC188FD-3BAF-4C74-B67E-E094662614A2}.Debug|Any CPU.ActiveCfg = Debug|Any CPU
		{FEC188FD-3BAF-4C74-B67E-E094662614A2}.Debug|Any CPU.Build.0 = Debug|Any CPU
		{FEC188FD-3BAF-4C74-B67E-E094662614A2}.Release|Any CPU.ActiveCfg = Release|Any CPU
		{FEC188FD-3BAF-4C74-B67E-E094662614A2}.Release|Any CPU.Build.0 = Release|Any CPU
	EndGlobalSection
	GlobalSection(SolutionProperties) = preSolution
		HideSolutionNode = FALSE
	EndGlobalSection
	GlobalSection(ExtensibilityGlobals) = postSolution
		SolutionGuid = {90BD134B-5ABF-4E5C-9D70-EDBECC47B4BF}
	EndGlobalSection
EndGlobal
